# THIS IS AN AUTOGENERATED FILE. DO NOT EDIT THIS FILE DIRECTLY.
# yarn lockfile v1


"@types/node@16.18.0":
  version "16.18.0"
  resolved "https://registry.yarnpkg.com/@types/node/-/node-16.18.0.tgz#34982c6d5b5734c900f4ee69e1b87d212db6c60f"
  integrity sha512-LqYqYzYvnbCaQfLAwRt0zboqnsViwhZm+vjaMSqcfN36vulAg7Pt0T83q4WZO2YOBw3XdyHi8cQ88H22zmULOA==
